
Microsoft Visual Studio Solution File, Format Version 12.00
# Visual Studio Version 17
VisualStudioVersion = 17.9.34723.18
MinimumVisualStudioVersion = 10.0.40219.1
Project("{FAE04EC0-301F-11D3-BF4B-00C04F79EFBC}") = "DeliverryPizzaAPI", "DeliverryPizza\DeliverryPizzaAPI.csproj", "{BACA76CC-5ED6-4620-A5E1-C90735DB2D13}"
EndProject
Project("{FAE04EC0-301F-11D3-BF4B-00C04F79EFBC}") = "DeliverryPizza.Model", "DeliverryPizza.Model\DeliverryPizza.Model.csproj", "{AAC4E195-FE9B-4628-98DA-7B06222F18C0}"
EndProject
Project("{FAE04EC0-301F-11D3-BF4B-00C04F79EFBC}") = "DeliverryPizza.Business", "DeliverryPizza.Business\DeliverryPizza.Business.csproj", "{44A2D071-7EC6-45E7-BF5E-84BF504E62E7}"
EndProject
Project("{FAE04EC0-301F-11D3-BF4B-00C04F79EFBC}") = "DeliverryPizza.Repository", "DeliverryPizza.Repository\DeliverryPizza.Repository.csproj", "{A1123FE9-0B8F-4EF1-9D57-37BC1917C613}"
EndProject
Project("{FAE04EC0-301F-11D3-BF4B-00C04F79EFBC}") = "DeliverryPizza.Teste", "DeliverryPizza.Teste\DeliverryPizza.Teste.csproj", "{367105A5-EF91-415A-9E7A-C081C5EE00EB}"
EndProject
Global
	GlobalSection(SolutionConfigurationPlatforms) = preSolution
		Debug|Any CPU = Debug|Any CPU
		Release|Any CPU = Release|Any CPU
	EndGlobalSection
	GlobalSection(ProjectConfigurationPlatforms) = postSolution
		{BACA76CC-5ED6-4620-A5E1-C90735DB2D13}.Debug|Any CPU.ActiveCfg = Debug|Any CPU
		{BACA76CC-5ED6-4620-A5E1-C90735DB2D13}.Debug|Any CPU.Build.0 = Debug|Any CPU
		{BACA76CC-5ED6-4620-A5E1-C90735DB2D13}.Release|Any CPU.ActiveCfg = Release|Any CPU
		{BACA76CC-5ED6-4620-A5E1-C90735DB2D13}.Release|Any CPU.Build.0 = Release|Any CPU
		{AAC4E195-FE9B-4628-98DA-7B06222F18C0}.Debug|Any CPU.ActiveCfg = Debug|Any CPU
		{AAC4E195-FE9B-4628-98DA-7B06222F18C0}.Debug|Any CPU.Build.0 = Debug|Any CPU
		{AAC4E195-FE9B-4628-98DA-7B06222F18C0}.Release|Any CPU.ActiveCfg = Release|Any CPU
		{AAC4E195-FE9B-4628-98DA-7B06222F18C0}.Release|Any CPU.Build.0 = Release|Any CPU
		{44A2D071-7EC6-45E7-BF5E-84BF504E62E7}.Debug|Any CPU.ActiveCfg = Debug|Any CPU
		{44A2D071-7EC6-45E7-BF5E-84BF504E62E7}.Debug|Any CPU.Build.0 = Debug|Any CPU
		{44A2D071-7EC6-45E7-BF5E-84BF504E62E7}.Release|Any CPU.ActiveCfg = Release|Any CPU
		{44A2D071-7EC6-45E7-BF5E-84BF504E62E7}.Release|Any CPU.Build.0 = Release|Any CPU
		{A1123FE9-0B8F-4EF1-9D57-37BC1917C613}.Debug|Any CPU.ActiveCfg = Debug|Any CPU
		{A1123FE9-0B8F-4EF1-9D57-37BC1917C613}.Debug|Any CPU.Build.0 = Debug|Any CPU
		{A1123FE9-0B8F-4EF1-9D57-37BC1917C613}.Release|Any CPU.ActiveCfg = Release|Any CPU
		{A1123FE9-0B8F-4EF1-9D57-37BC1917C613}.Release|Any CPU.Build.0 = Release|Any CPU
		{367105A5-EF91-415A-9E7A-C081C5EE00EB}.Debug|Any CPU.ActiveCfg = Debug|Any CPU
		{367105A5-EF91-415A-9E7A-C081C5EE00EB}.Debug|Any CPU.Build.0 = Debug|Any CPU
		{367105A5-EF91-415A-9E7A-C081C5EE00EB}.Release|Any CPU.ActiveCfg = Release|Any CPU
		{367105A5-EF91-415A-9E7A-C081C5EE00EB}.Release|Any CPU.Build.0 = Release|Any CPU
	EndGlobalSection
	GlobalSection(SolutionProperties) = preSolution
		HideSolutionNode = FALSE
	EndGlobalSection
	GlobalSection(ExtensibilityGlobals) = postSolution
		SolutionGuid = {5C6D9B30-6C0F-4E12-A7EB-6B376CCCB327}
	EndGlobalSection
EndGlobal
